
Microsoft Visual Studio Solution File, Format Version 10.00
# Visual Studio 2008
Project("{FAE04EC0-301F-11D3-BF4B-00C04F79EFBC}") = "nihilisp", "nihilisp\nihilisp.csproj", "{A6252691-2F57-4C7D-838F-B528D671A6EC}"
EndProject
Project("{9344bdbb-3e7f-41fc-a0dd-8665d75ee146}") = "Packages", "Packages.mdproj", "{1183DB20-BFBC-44D8-A2E7-7887D88A0605}"
EndProject
Global
	GlobalSection(SolutionConfigurationPlatforms) = preSolution
		Debug|x86 = Debug|x86
		Release|x86 = Release|x86
	EndGlobalSection
	GlobalSection(ProjectConfigurationPlatforms) = postSolution
		{1183DB20-BFBC-44D8-A2E7-7887D88A0605}.Debug|x86.ActiveCfg = Debug|Any CPU
		{1183DB20-BFBC-44D8-A2E7-7887D88A0605}.Release|x86.ActiveCfg = Release|Any CPU
		{A6252691-2F57-4C7D-838F-B528D671A6EC}.Debug|x86.ActiveCfg = Debug|x86
		{A6252691-2F57-4C7D-838F-B528D671A6EC}.Debug|x86.Build.0 = Debug|x86
		{A6252691-2F57-4C7D-838F-B528D671A6EC}.Release|x86.ActiveCfg = Release|x86
		{A6252691-2F57-4C7D-838F-B528D671A6EC}.Release|x86.Build.0 = Release|x86
	EndGlobalSection
	GlobalSection(MonoDevelopProperties) = preSolution
		StartupItem = nihilisp\nihilisp.csproj
		Policies = $0
		$0.StandardHeader = $1
		$1.Text = @////////////////////////////////////////////////////////////////////////////////\n// Copyright 2010 Seth Schroeder\n// This file is part of Nihilisp.\n//\n// Nihilisp is free software: you can redistribute it and/or modify\n// it under the terms of the GNU General Public License as published by\n// the Free Software Foundation, either version 3 of the License, or\n// (at your option) any later version.\n//\n// Nihilisp is distributed in the hope that it will be useful,\n// but WITHOUT ANY WARRANTY; without even the implied warranty of\n// MERCHANTABILITY or FITNESS FOR A PARTICULAR PURPOSE.  See the\n// GNU General Public License for more details.\n//\n// You should have received a copy of the GNU General Public License\n// along with Nihilisp.  If not, see <http://www.gnu.org/licenses/>.\n////////////////////////////////////////////////////////////////////////////////\n// -*- mode: csharp -*-\n////////////////////////////////////////////////////////////////////////////////\n\n
		$1.inheritsSet = Apache2License
		$0.VersionControlPolicy = $2
		$2.inheritsSet = Mono
		description = A Lisp for .Net which is not intended to ever be meaningful on a grand scale, but will eagerly use the DLR.
	EndGlobalSection
EndGlobal
